
Microsoft Visual Studio Solution File, Format Version 12.00
# Visual Studio Version 17
VisualStudioVersion = 17.4.33213.308
MinimumVisualStudioVersion = 10.0.40219.1
Project("{FAE04EC0-301F-11D3-BF4B-00C04F79EFBC}") = "Phemis_Fable_Hack", "Phemis_Fable_Hack\Phemis_Fable_Hack.csproj", "{F1D83210-10A0-4A25-8A1D-1B42BBAF7C3C}"
EndProject
Global
	GlobalSection(SolutionConfigurationPlatforms) = preSolution
		Debug|Any CPU = Debug|Any CPU
		Release|Any CPU = Release|Any CPU
	EndGlobalSection
	GlobalSection(ProjectConfigurationPlatforms) = postSolution
		{F1D83210-10A0-4A25-8A1D-1B42BBAF7C3C}.Debug|Any CPU.ActiveCfg = Debug|Any CPU
		{F1D83210-10A0-4A25-8A1D-1B42BBAF7C3C}.Debug|Any CPU.Build.0 = Debug|Any CPU
		{F1D83210-10A0-4A25-8A1D-1B42BBAF7C3C}.Release|Any CPU.ActiveCfg = Release|Any CPU
		{F1D83210-10A0-4A25-8A1D-1B42BBAF7C3C}.Release|Any CPU.Build.0 = Release|Any CPU
	EndGlobalSection
	GlobalSection(SolutionProperties) = preSolution
		HideSolutionNode = FALSE
	EndGlobalSection
	GlobalSection(ExtensibilityGlobals) = postSolution
		SolutionGuid = {FC5C0512-9354-4978-AE26-A0CF46FE1D92}
	EndGlobalSection
EndGlobal
